
Microsoft Visual Studio Solution File, Format Version 12.00
# Visual Studio Version 16
VisualStudioVersion = 16.0.31129.286
MinimumVisualStudioVersion = 10.0.40219.1
Project("{FAE04EC0-301F-11D3-BF4B-00C04F79EFBC}") = "SampleProject", "SampleProject\SampleProject.csproj", "{E8926F87-876B-4ACB-924E-FFBA8BC23BC5}"
EndProject
Global
	GlobalSection(SolutionConfigurationPlatforms) = preSolution
		Debug|Any CPU = Debug|Any CPU
		Release|Any CPU = Release|Any CPU
	EndGlobalSection
	GlobalSection(ProjectConfigurationPlatforms) = postSolution
		{E8926F87-876B-4ACB-924E-FFBA8BC23BC5}.Debug|Any CPU.ActiveCfg = Debug|Any CPU
		{E8926F87-876B-4ACB-924E-FFBA8BC23BC5}.Debug|Any CPU.Build.0 = Debug|Any CPU
		{E8926F87-876B-4ACB-924E-FFBA8BC23BC5}.Release|Any CPU.ActiveCfg = Release|Any CPU
		{E8926F87-876B-4ACB-924E-FFBA8BC23BC5}.Release|Any CPU.Build.0 = Release|Any CPU
	EndGlobalSection
	GlobalSection(SolutionProperties) = preSolution
		HideSolutionNode = FALSE
	EndGlobalSection
	GlobalSection(ExtensibilityGlobals) = postSolution
		SolutionGuid = {07F5E20A-E358-44BA-A46F-ECC92D4E9336}
	EndGlobalSection
EndGlobal
